
Microsoft Visual Studio Solution File, Format Version 12.00
# Visual Studio Version 16
VisualStudioVersion = 16.0.29215.179
MinimumVisualStudioVersion = 10.0.40219.1
Project("{FAE04EC0-301F-11D3-BF4B-00C04F79EFBC}") = "Technicalassignment1", "Technicalassignment1\Technicalassignment1.csproj", "{BA44ACCF-C2D0-4780-95EE-11910FC885AA}"
EndProject
Global
	GlobalSection(SolutionConfigurationPlatforms) = preSolution
		Debug|Any CPU = Debug|Any CPU
		Release|Any CPU = Release|Any CPU
	EndGlobalSection
	GlobalSection(ProjectConfigurationPlatforms) = postSolution
		{BA44ACCF-C2D0-4780-95EE-11910FC885AA}.Debug|Any CPU.ActiveCfg = Debug|Any CPU
		{BA44ACCF-C2D0-4780-95EE-11910FC885AA}.Debug|Any CPU.Build.0 = Debug|Any CPU
		{BA44ACCF-C2D0-4780-95EE-11910FC885AA}.Release|Any CPU.ActiveCfg = Release|Any CPU
		{BA44ACCF-C2D0-4780-95EE-11910FC885AA}.Release|Any CPU.Build.0 = Release|Any CPU
	EndGlobalSection
	GlobalSection(SolutionProperties) = preSolution
		HideSolutionNode = FALSE
	EndGlobalSection
	GlobalSection(ExtensibilityGlobals) = postSolution
		SolutionGuid = {6D925205-D98C-4D89-A459-9ED283DD5CEE}
	EndGlobalSection
EndGlobal
